
Microsoft Visual Studio Solution File, Format Version 12.00
# Visual Studio Version 17
VisualStudioVersion = 17.9.34902.65
MinimumVisualStudioVersion = 10.0.40219.1
Project("{FAE04EC0-301F-11D3-BF4B-00C04F79EFBC}") = "ALEJ", "ALEJ\ALEJ.csproj", "{BD6B5E7C-B3FF-4293-A766-1A6FEC0F5648}"
EndProject
Global
	GlobalSection(SolutionConfigurationPlatforms) = preSolution
		Debug|Any CPU = Debug|Any CPU
		Release|Any CPU = Release|Any CPU
	EndGlobalSection
	GlobalSection(ProjectConfigurationPlatforms) = postSolution
		{BD6B5E7C-B3FF-4293-A766-1A6FEC0F5648}.Debug|Any CPU.ActiveCfg = Debug|Any CPU
		{BD6B5E7C-B3FF-4293-A766-1A6FEC0F5648}.Debug|Any CPU.Build.0 = Debug|Any CPU
		{BD6B5E7C-B3FF-4293-A766-1A6FEC0F5648}.Release|Any CPU.ActiveCfg = Release|Any CPU
		{BD6B5E7C-B3FF-4293-A766-1A6FEC0F5648}.Release|Any CPU.Build.0 = Release|Any CPU
	EndGlobalSection
	GlobalSection(SolutionProperties) = preSolution
		HideSolutionNode = FALSE
	EndGlobalSection
	GlobalSection(ExtensibilityGlobals) = postSolution
		SolutionGuid = {8C5DB833-E12F-41AA-BB97-CC46B3E32940}
	EndGlobalSection
EndGlobal
